github.com/goplus/gogen v1.20.2 h1:c9wm7NzjWSrncbtH+lz4jM2j31p+6JTji8cjF1K79qg=
github.com/goplus/gogen v1.20.2/go.mod h1:87ZJD1mdljXx2pkvBrMGynGUz6m08brj9p6xhb5aq2Y=
github.com/goplus/mod v0.19.0 h1:VwTawpScUFXozTEhtA4WsdhG/5pa12gJeAK4EGOgM/I=
github.com/goplus/mod v0.19.0/go.mod h1:4HcnqpUHXFHWRTJXQgiHrFbvy0j3K/OEzpFh5KFYLRM=
github.com/goplus/xgo v1.6.0 h1:qD8SiepWGtN7sGxkY49jowbOE83IJ4qoPdtppaxIWnM=
github.com/goplus/xgo v1.6.0/go.mod h1:0UI/hW6Q7r9/6T3wAln8dt9A53bCAa/hAiVz4UQGrnw=
github.com/qiniu/x v1.16.0 h1:W2VOecyIT3Uxwjm6vJinUR7G3gpwgUgHZA9OpeHArdE=
github.com/qiniu/x v1.16.0/go.mod h1:AiovSOCaRijaf3fj+0CBOpR1457pn24b0Vdb1JpwhII=
github.com/yuin/goldmark v1.7.8 h1:iERMLn0/QJeHFhxSt3p6PeN9mGnvIKSpG9YYorDMnic=
github.com/yuin/goldmark v1.7.8/go.mod h1:uzxRWxtg69N339t3louHJ7+O03ezfj6PlliRlaOzY1E=
golang.org/x/mod v0.20.0 h1:utOm6MM3R3dnawAiJgn0y+xvuYRsm1RKM/4giyfDgV0=
golang.org/x/mod v0.20.0/go.mod h1:hTbmBsO62+eylJbnUtE2MGJUyE7QWk4xUqPFrRgJ+7c=
golang.org/x/net v0.29.0 h1:5ORfpBpCs4HzDYoodCDBbwHzdR5UrLBZ3sOnUJmFoHo=
golang.org/x/net v0.29.0/go.mod h1:gLkgy8jTGERgjzMic6DS9+SP0ajcu6Xu3Orq/SpETg0=
golang.org/x/sync v0.8.0 h1:3NFvSEYkUoMifnESzZl15y791HH1qU2xm6eCJU5ZPXQ=
golang.org/x/sync v0.8.0/go.mod h1:Czt+wKu1gCyEFDUtn0jG5QVvpJ6rzVqr5aXyt9drQfk=
golang.org/x/sys v0.41.0 h1:Ivj+2Cp/ylzLiEU89QhWblYnOE9zerudt9Ftecq2C6k=
golang.org/x/sys v0.41.0/go.mod h1:OgkHotnGiDImocRcuBABYBEXf8A9a87e/uXjp9XT3ks=
